
Microsoft Visual Studio Solution File, Format Version 12.00
# Visual Studio Version 16
VisualStudioVersion = 16.0.28407.52
MinimumVisualStudioVersion = 10.0.40219.1
Project("{9A19103F-16F7-4668-BE54-9A1E7A4F7556}") = "CollectibleAssembliesSample", "CollectibleAssembliesSample\CollectibleAssembliesSample.csproj", "{A86F43B5-CE2A-4F89-81C9-74BE01645366}"
EndProject
Project("{FAE04EC0-301F-11D3-BF4B-00C04F79EFBC}") = "SampleLibrary", "SampleLibrary\SampleLibrary.csproj", "{A56CA181-D5A1-4BA3-9AA2-A90DACC26CC0}"
EndProject
Global
	GlobalSection(SolutionConfigurationPlatforms) = preSolution
		Debug|Any CPU = Debug|Any CPU
		Release|Any CPU = Release|Any CPU
	EndGlobalSection
	GlobalSection(ProjectConfigurationPlatforms) = postSolution
		{A86F43B5-CE2A-4F89-81C9-74BE01645366}.Debug|Any CPU.ActiveCfg = Debug|Any CPU
		{A86F43B5-CE2A-4F89-81C9-74BE01645366}.Debug|Any CPU.Build.0 = Debug|Any CPU
		{A86F43B5-CE2A-4F89-81C9-74BE01645366}.Release|Any CPU.ActiveCfg = Release|Any CPU
		{A86F43B5-CE2A-4F89-81C9-74BE01645366}.Release|Any CPU.Build.0 = Release|Any CPU
		{A56CA181-D5A1-4BA3-9AA2-A90DACC26CC0}.Debug|Any CPU.ActiveCfg = Debug|Any CPU
		{A56CA181-D5A1-4BA3-9AA2-A90DACC26CC0}.Debug|Any CPU.Build.0 = Debug|Any CPU
		{A56CA181-D5A1-4BA3-9AA2-A90DACC26CC0}.Release|Any CPU.ActiveCfg = Release|Any CPU
		{A56CA181-D5A1-4BA3-9AA2-A90DACC26CC0}.Release|Any CPU.Build.0 = Release|Any CPU
	EndGlobalSection
	GlobalSection(SolutionProperties) = preSolution
		HideSolutionNode = FALSE
	EndGlobalSection
	GlobalSection(ExtensibilityGlobals) = postSolution
		SolutionGuid = {294969A1-CE5C-4D34-9D9F-A58208D56F00}
	EndGlobalSection
EndGlobal
